{
  "requires": true,
  "lockfileVersion": 1,
  "dependencies": {
    "inherits": {
      "version": "2.0.1",
      "resolved": "https://registry.npmjs.org/inherits/-/inherits-2.0.1.tgz",
      "integrity": "sha1-sX0I0ya0Qj5Wjv9xn5GwscvfafE="
    },
    "jquery": {
      "version": "3.2.1",
      "resolved": "https://registry.npmjs.org/jquery/-/jquery-3.2.1.tgz",
      "integrity": "sha1-XE2d5lKvbNCncBVKYxu6ErAVx4c="
    },
    "jquery.scrollex": {
      "version": "0.2.1",
      "resolved": "https://registry.npmjs.org/jquery.scrollex/-/jquery.scrollex-0.2.1.tgz",
      "integrity": "sha1-wDzgLee/UUiQqFkNn/VfCE3Vk20=",
      "requires": {
        "jquery": "3.2.1"
      }
    },
    "jquery.scrolly": {
      "version": "0.0.1",
      "resolved": "https://registry.npmjs.org/jquery.scrolly/-/jquery.scrolly-0.0.1.tgz",
      "integrity": "sha1-COB3hnQxcpn73tGfElBsBJ90Tlc="
    },
    "skel-framework-npm": {
      "version": "1.0.1",
      "resolved": "https://registry.npmjs.org/skel-framework-npm/-/skel-framework-npm-1.0.1.tgz",
      "integrity": "sha1-C8ymdhh0AV+ChRu6+Te0fUm2N3c="
    },
    "util": {
      "version": "0.10.3",
      "resolved": "https://registry.npmjs.org/util/-/util-0.10.3.tgz",
      "integrity": "sha1-evsa/lCAUkZInj23/g7TeTNqwPk=",
      "requires": {
        "inherits": "2.0.1"
      }
    }
  }
}
